
Microsoft Visual Studio Solution File, Format Version 12.00
# Visual Studio Version 16
VisualStudioVersion = 16.0.31205.134
MinimumVisualStudioVersion = 10.0.40219.1
Project("{FAE04EC0-301F-11D3-BF4B-00C04F79EFBC}") = "ConsoleAppNet5", "ConsoleAppNet5.csproj", "{47AA9C98-C5AA-4B81-B53A-3A3E017D4BA9}"
EndProject
Global
	GlobalSection(SolutionConfigurationPlatforms) = preSolution
		Debug|Any CPU = Debug|Any CPU
		Release|Any CPU = Release|Any CPU
	EndGlobalSection
	GlobalSection(ProjectConfigurationPlatforms) = postSolution
		{47AA9C98-C5AA-4B81-B53A-3A3E017D4BA9}.Debug|Any CPU.ActiveCfg = Debug|Any CPU
		{47AA9C98-C5AA-4B81-B53A-3A3E017D4BA9}.Debug|Any CPU.Build.0 = Debug|Any CPU
		{47AA9C98-C5AA-4B81-B53A-3A3E017D4BA9}.Release|Any CPU.ActiveCfg = Release|Any CPU
		{47AA9C98-C5AA-4B81-B53A-3A3E017D4BA9}.Release|Any CPU.Build.0 = Release|Any CPU
	EndGlobalSection
	GlobalSection(SolutionProperties) = preSolution
		HideSolutionNode = FALSE
	EndGlobalSection
	GlobalSection(ExtensibilityGlobals) = postSolution
		SolutionGuid = {323820DA-D9C5-4519-A3F5-461AC67A883F}
	EndGlobalSection
EndGlobal
